
Microsoft Visual Studio Solution File, Format Version 12.00
# Visual Studio Version 17
VisualStudioVersion = 17.11.35327.3
MinimumVisualStudioVersion = 10.0.40219.1
Project("{FAE04EC0-301F-11D3-BF4B-00C04F79EFBC}") = "Konsol_Temizleme_Odev", "Konsol_Temizleme_Odev\Konsol_Temizleme_Odev.csproj", "{8C005B29-DDC0-4FFF-A61C-508A4136E866}"
EndProject
Global
	GlobalSection(SolutionConfigurationPlatforms) = preSolution
		Debug|Any CPU = Debug|Any CPU
		Release|Any CPU = Release|Any CPU
	EndGlobalSection
	GlobalSection(ProjectConfigurationPlatforms) = postSolution
		{8C005B29-DDC0-4FFF-A61C-508A4136E866}.Debug|Any CPU.ActiveCfg = Debug|Any CPU
		{8C005B29-DDC0-4FFF-A61C-508A4136E866}.Debug|Any CPU.Build.0 = Debug|Any CPU
		{8C005B29-DDC0-4FFF-A61C-508A4136E866}.Release|Any CPU.ActiveCfg = Release|Any CPU
		{8C005B29-DDC0-4FFF-A61C-508A4136E866}.Release|Any CPU.Build.0 = Release|Any CPU
	EndGlobalSection
	GlobalSection(SolutionProperties) = preSolution
		HideSolutionNode = FALSE
	EndGlobalSection
	GlobalSection(ExtensibilityGlobals) = postSolution
		SolutionGuid = {3EB39952-1526-43E8-BA3D-815A5923535A}
	EndGlobalSection
EndGlobal
